
Microsoft Visual Studio Solution File, Format Version 12.00
# Visual Studio Version 16
VisualStudioVersion = 25.0.1706.9
MinimumVisualStudioVersion = 10.0.40219.1
Project("{FAE04EC0-301F-11D3-BF4B-00C04F79EFBC}") = "YngveHestem.GenericParameterCollection.RadzenBlazor", "YngveHestem.GenericParameterCollection.RadzenBlazor\YngveHestem.GenericParameterCollection.RadzenBlazor.csproj", "{01536F87-C211-4F98-8A66-F3F8154783BE}"
EndProject
Project("{FAE04EC0-301F-11D3-BF4B-00C04F79EFBC}") = "TestProject", "TestProject\TestProject.csproj", "{C693D841-AC9F-42EB-AF70-9F2C15EEE83F}"
EndProject
Global
	GlobalSection(SolutionConfigurationPlatforms) = preSolution
		Debug|Any CPU = Debug|Any CPU
		Release|Any CPU = Release|Any CPU
	EndGlobalSection
	GlobalSection(ProjectConfigurationPlatforms) = postSolution
		{01536F87-C211-4F98-8A66-F3F8154783BE}.Debug|Any CPU.ActiveCfg = Debug|Any CPU
		{01536F87-C211-4F98-8A66-F3F8154783BE}.Debug|Any CPU.Build.0 = Debug|Any CPU
		{01536F87-C211-4F98-8A66-F3F8154783BE}.Release|Any CPU.ActiveCfg = Release|Any CPU
		{01536F87-C211-4F98-8A66-F3F8154783BE}.Release|Any CPU.Build.0 = Release|Any CPU
		{C693D841-AC9F-42EB-AF70-9F2C15EEE83F}.Debug|Any CPU.ActiveCfg = Debug|Any CPU
		{C693D841-AC9F-42EB-AF70-9F2C15EEE83F}.Debug|Any CPU.Build.0 = Debug|Any CPU
		{C693D841-AC9F-42EB-AF70-9F2C15EEE83F}.Release|Any CPU.ActiveCfg = Release|Any CPU
		{C693D841-AC9F-42EB-AF70-9F2C15EEE83F}.Release|Any CPU.Build.0 = Release|Any CPU
	EndGlobalSection
	GlobalSection(SolutionProperties) = preSolution
		HideSolutionNode = FALSE
	EndGlobalSection
	GlobalSection(ExtensibilityGlobals) = postSolution
		SolutionGuid = {B43A7A6F-1DCB-4A3D-AA94-46E7164D8256}
	EndGlobalSection
EndGlobal
